// !$*UTF8*$!
{
	archiveVersion = 1;
	classes = {
	};
	objectVersion = 56;
	objects = {

/* Begin PBXBuildFile section */
		1D9D5139DEC885024ED9F7C2 /* Pods_4_7_HomeWork.framework in Frameworks */ = {isa = PBXBuildFile; fileRef = 08BC4312D21F1EB61096BB66 /* Pods_4_7_HomeWork.framework */; };
		211C2B622979CE69005D29F5 /* SearchProductTableViewCell.swift in Sources */ = {isa = PBXBuildFile; fileRef = 211C2B602979CE69005D29F5 /* SearchProductTableViewCell.swift */; };
		211C2B632979CE69005D29F5 /* SearchProductTableViewCell.xib in Resources */ = {isa = PBXBuildFile; fileRef = 211C2B612979CE69005D29F5 /* SearchProductTableViewCell.xib */; };
		211C2B652979D0A3005D29F5 /* SearchViewController.swift in Sources */ = {isa = PBXBuildFile; fileRef = 211C2B642979D0A3005D29F5 /* SearchViewController.swift */; };
		211C2B692979D9A1005D29F5 /* CreateProductViewController.swift in Sources */ = {isa = PBXBuildFile; fileRef = 211C2B682979D9A1005D29F5 /* CreateProductViewController.swift */; };
		211C2B6B2979DC04005D29F5 /* NetworkLayer.swift in Sources */ = {isa = PBXBuildFile; fileRef = 211C2B6A2979DC04005D29F5 /* NetworkLayer.swift */; };
		2130B8ED2975832C00C7B8A8 /* AppDelegate.swift in Sources */ = {isa = PBXBuildFile; fileRef = 2130B8EC2975832C00C7B8A8 /* AppDelegate.swift */; };
		2130B8EF2975832C00C7B8A8 /* SceneDelegate.swift in Sources */ = {isa = PBXBuildFile; fileRef = 2130B8EE2975832C00C7B8A8 /* SceneDelegate.swift */; };
		2130B8F12975832C00C7B8A8 /* MainViewController.swift in Sources */ = {isa = PBXBuildFile; fileRef = 2130B8F02975832C00C7B8A8 /* MainViewController.swift */; };
		2130B8F42975832C00C7B8A8 /* Main.storyboard in Resources */ = {isa = PBXBuildFile; fileRef = 2130B8F22975832C00C7B8A8 /* Main.storyboard */; };
		2130B8F62975832E00C7B8A8 /* Assets.xcassets in Resources */ = {isa = PBXBuildFile; fileRef = 2130B8F52975832E00C7B8A8 /* Assets.xcassets */; };
		2130B8F92975832E00C7B8A8 /* LaunchScreen.storyboard in Resources */ = {isa = PBXBuildFile; fileRef = 2130B8F72975832E00C7B8A8 /* LaunchScreen.storyboard */; };
		2130B9072975852600C7B8A8 /* CategoryCollectionViewCell.swift in Sources */ = {isa = PBXBuildFile; fileRef = 2130B9052975852600C7B8A8 /* CategoryCollectionViewCell.swift */; };
		2130B9082975852600C7B8A8 /* CategoryCollectionViewCell.xib in Resources */ = {isa = PBXBuildFile; fileRef = 2130B9062975852600C7B8A8 /* CategoryCollectionViewCell.xib */; };
		2130B90D2975856400C7B8A8 /* StoreCollectionViewCell.swift in Sources */ = {isa = PBXBuildFile; fileRef = 2130B90B2975856400C7B8A8 /* StoreCollectionViewCell.swift */; };
		2130B90E2975856400C7B8A8 /* StoreCollectionViewCell.xib in Resources */ = {isa = PBXBuildFile; fileRef = 2130B90C2975856400C7B8A8 /* StoreCollectionViewCell.xib */; };
		2130B912297585AD00C7B8A8 /* ProductTableViewCell.swift in Sources */ = {isa = PBXBuildFile; fileRef = 2130B910297585AD00C7B8A8 /* ProductTableViewCell.swift */; };
		2130B913297585AD00C7B8A8 /* ProductTableViewCell.xib in Resources */ = {isa = PBXBuildFile; fileRef = 2130B911297585AD00C7B8A8 /* ProductTableViewCell.xib */; };
		2130B915297589B900C7B8A8 /* CategoryDataModel.swift in Sources */ = {isa = PBXBuildFile; fileRef = 2130B914297589B900C7B8A8 /* CategoryDataModel.swift */; };
		2130B917297589CF00C7B8A8 /* StoreDataModel.swift in Sources */ = {isa = PBXBuildFile; fileRef = 2130B916297589CF00C7B8A8 /* StoreDataModel.swift */; };
		2130B919297589E300C7B8A8 /* ProductDataModel.swift in Sources */ = {isa = PBXBuildFile; fileRef = 2130B918297589E300C7B8A8 /* ProductDataModel.swift */; };
/* End PBXBuildFile section */

/* Begin PBXFileReference section */
		08BC4312D21F1EB61096BB66 /* Pods_4_7_HomeWork.framework */ = {isa = PBXFileReference; explicitFileType = wrapper.framework; includeInIndex = 0; path = Pods_4_7_HomeWork.framework; sourceTree = BUILT_PRODUCTS_DIR; };
		211C2B602979CE69005D29F5 /* SearchProductTableViewCell.swift */ = {isa = PBXFileReference; lastKnownFileType = sourcecode.swift; path = SearchProductTableViewCell.swift; sourceTree = "<group>"; };
		211C2B612979CE69005D29F5 /* SearchProductTableViewCell.xib */ = {isa = PBXFileReference; lastKnownFileType = file.xib; path = SearchProductTableViewCell.xib; sourceTree = "<group>"; };
		211C2B642979D0A3005D29F5 /* SearchViewController.swift */ = {isa = PBXFileReference; lastKnownFileType = sourcecode.swift; path = SearchViewController.swift; sourceTree = "<group>"; };
		211C2B682979D9A1005D29F5 /* CreateProductViewController.swift */ = {isa = PBXFileReference; lastKnownFileType = sourcecode.swift; path = CreateProductViewController.swift; sourceTree = "<group>"; };
		211C2B6A2979DC04005D29F5 /* NetworkLayer.swift */ = {isa = PBXFileReference; lastKnownFileType = sourcecode.swift; path = NetworkLayer.swift; sourceTree = "<group>"; };
		2130B8E92975832C00C7B8A8 /* 4.7.HomeWork.app */ = {isa = PBXFileReference; explicitFileType = wrapper.application; includeInIndex = 0; path = 4.7.HomeWork.app; sourceTree = BUILT_PRODUCTS_DIR; };
		2130B8EC2975832C00C7B8A8 /* AppDelegate.swift */ = {isa = PBXFileReference; lastKnownFileType = sourcecode.swift; path = AppDelegate.swift; sourceTree = "<group>"; };
		2130B8EE2975832C00C7B8A8 /* SceneDelegate.swift */ = {isa = PBXFileReference; lastKnownFileType = sourcecode.swift; path = SceneDelegate.swift; sourceTree = "<group>"; };
		2130B8F02975832C00C7B8A8 /* MainViewController.swift */ = {isa = PBXFileReference; lastKnownFileType = sourcecode.swift; path = MainViewController.swift; sourceTree = "<group>"; };
		2130B8F32975832C00C7B8A8 /* Base */ = {isa = PBXFileReference; lastKnownFileType = file.storyboard; name = Base; path = Base.lproj/Main.storyboard; sourceTree = "<group>"; };
		2130B8F52975832E00C7B8A8 /* Assets.xcassets */ = {isa = PBXFileReference; lastKnownFileType = folder.assetcatalog; path = Assets.xcassets; sourceTree = "<group>"; };
		2130B8F82975832E00C7B8A8 /* Base */ = {isa = PBXFileReference; lastKnownFileType = file.storyboard; name = Base; path = Base.lproj/LaunchScreen.storyboard; sourceTree = "<group>"; };
		2130B8FA2975832E00C7B8A8 /* Info.plist */ = {isa = PBXFileReference; lastKnownFileType = text.plist.xml; path = Info.plist; sourceTree = "<group>"; };
		2130B9052975852600C7B8A8 /* CategoryCollectionViewCell.swift */ = {isa = PBXFileReference; lastKnownFileType = sourcecode.swift; path = CategoryCollectionViewCell.swift; sourceTree = "<group>"; };
		2130B9062975852600C7B8A8 /* CategoryCollectionViewCell.xib */ = {isa = PBXFileReference; lastKnownFileType = file.xib; path = CategoryCollectionViewCell.xib; sourceTree = "<group>"; };
		2130B90B2975856400C7B8A8 /* StoreCollectionViewCell.swift */ = {isa = PBXFileReference; lastKnownFileType = sourcecode.swift; path = StoreCollectionViewCell.swift; sourceTree = "<group>"; };
		2130B90C2975856400C7B8A8 /* StoreCollectionViewCell.xib */ = {isa = PBXFileReference; lastKnownFileType = file.xib; path = StoreCollectionViewCell.xib; sourceTree = "<group>"; };
		2130B910297585AD00C7B8A8 /* ProductTableViewCell.swift */ = {isa = PBXFileReference; lastKnownFileType = sourcecode.swift; path = ProductTableViewCell.swift; sourceTree = "<group>"; };
		2130B911297585AD00C7B8A8 /* ProductTableViewCell.xib */ = {isa = PBXFileReference; lastKnownFileType = file.xib; path = ProductTableViewCell.xib; sourceTree = "<group>"; };
		2130B914297589B900C7B8A8 /* CategoryDataModel.swift */ = {isa = PBXFileReference; lastKnownFileType = sourcecode.swift; path = CategoryDataModel.swift; sourceTree = "<group>"; };
		2130B916297589CF00C7B8A8 /* StoreDataModel.swift */ = {isa = PBXFileReference; lastKnownFileType = sourcecode.swift; path = StoreDataModel.swift; sourceTree = "<group>"; };
		2130B918297589E300C7B8A8 /* ProductDataModel.swift */ = {isa = PBXFileReference; lastKnownFileType = sourcecode.swift; path = ProductDataModel.swift; sourceTree = "<group>"; };
		240B69D0F10F1BE465CEF9C7 /* Pods-4.7.HomeWork.release.xcconfig */ = {isa = PBXFileReference; includeInIndex = 1; lastKnownFileType = text.xcconfig; name = "Pods-4.7.HomeWork.release.xcconfig"; path = "Target Support Files/Pods-4.7.HomeWork/Pods-4.7.HomeWork.release.xcconfig"; sourceTree = "<group>"; };
		ED6F5A1732271E65008364FE /* Pods-4.7.HomeWork.debug.xcconfig */ = {isa = PBXFileReference; includeInIndex = 1; lastKnownFileType = text.xcconfig; name = "Pods-4.7.HomeWork.debug.xcconfig"; path = "Target Support Files/Pods-4.7.HomeWork/Pods-4.7.HomeWork.debug.xcconfig"; sourceTree = "<group>"; };
/* End PBXFileReference section */

/* Begin PBXFrameworksBuildPhase section */
		2130B8E62975832C00C7B8A8 /* Frameworks */ = {
			isa = PBXFrameworksBuildPhase;
			buildActionMask = 2147483647;
			files = (
				1D9D5139DEC885024ED9F7C2 /* Pods_4_7_HomeWork.framework in Frameworks */,
			);
			runOnlyForDeploymentPostprocessing = 0;
		};
/* End PBXFrameworksBuildPhase section */

/* Begin PBXGroup section */
		1F303C2970B7FC58317C3F04 /* Frameworks */ = {
			isa = PBXGroup;
			children = (
				08BC4312D21F1EB61096BB66 /* Pods_4_7_HomeWork.framework */,
			);
			name = Frameworks;
			sourceTree = "<group>";
		};
		211C2B5F2979CE3E005D29F5 /* SearchProductTableView */ = {
			isa = PBXGroup;
			children = (
				211C2B602979CE69005D29F5 /* SearchProductTableViewCell.swift */,
				211C2B612979CE69005D29F5 /* SearchProductTableViewCell.xib */,
			);
			path = SearchProductTableView;
			sourceTree = "<group>";
		};
		2130B8E02975832C00C7B8A8 = {
			isa = PBXGroup;
			children = (
				2130B8EB2975832C00C7B8A8 /* 4.7.HomeWork */,
				2130B8EA2975832C00C7B8A8 /* Products */,
				8A9B636F25D9B82234B36ED7 /* Pods */,
				1F303C2970B7FC58317C3F04 /* Frameworks */,
			);
			sourceTree = "<group>";
		};
		2130B8EA2975832C00C7B8A8 /* Products */ = {
			isa = PBXGroup;
			children = (
				2130B8E92975832C00C7B8A8 /* 4.7.HomeWork.app */,
			);
			name = Products;
			sourceTree = "<group>";
		};
		2130B8EB2975832C00C7B8A8 /* 4.7.HomeWork */ = {
			isa = PBXGroup;
			children = (
				2130B8EC2975832C00C7B8A8 /* AppDelegate.swift */,
				2130B8EE2975832C00C7B8A8 /* SceneDelegate.swift */,
				2130B9022975834600C7B8A8 /* Controller  */,
				2130B9002975833600C7B8A8 /* Model */,
				2130B9032975835100C7B8A8 /* Resources */,
				2130B9012975833D00C7B8A8 /* View */,
			);
			path = 4.7.HomeWork;
			sourceTree = "<group>";
		};
		2130B9002975833600C7B8A8 /* Model */ = {
			isa = PBXGroup;
			children = (
				2130B914297589B900C7B8A8 /* CategoryDataModel.swift */,
				2130B916297589CF00C7B8A8 /* StoreDataModel.swift */,
				2130B918297589E300C7B8A8 /* ProductDataModel.swift */,
				211C2B6A2979DC04005D29F5 /* NetworkLayer.swift */,
			);
			path = Model;
			sourceTree = "<group>";
		};
		2130B9012975833D00C7B8A8 /* View */ = {
			isa = PBXGroup;
			children = (
				211C2B5F2979CE3E005D29F5 /* SearchProductTableView */,
				2130B90F2975858300C7B8A8 /* ProductTableView */,
				2130B9092975853200C7B8A8 /* StoreCollectionView */,
				2130B904297584C300C7B8A8 /* CategoryCollectionView */,
			);
			path = View;
			sourceTree = "<group>";
		};
		2130B9022975834600C7B8A8 /* Controller  */ = {
			isa = PBXGroup;
			children = (
				2130B8F02975832C00C7B8A8 /* MainViewController.swift */,
				211C2B642979D0A3005D29F5 /* SearchViewController.swift */,
				211C2B682979D9A1005D29F5 /* CreateProductViewController.swift */,
			);
			path = "Controller ";
			sourceTree = "<group>";
		};
		2130B9032975835100C7B8A8 /* Resources */ = {
			isa = PBXGroup;
			children = (
				2130B8FA2975832E00C7B8A8 /* Info.plist */,
				2130B8F72975832E00C7B8A8 /* LaunchScreen.storyboard */,
				2130B8F52975832E00C7B8A8 /* Assets.xcassets */,
				2130B8F22975832C00C7B8A8 /* Main.storyboard */,
			);
			path = Resources;
			sourceTree = "<group>";
		};
		2130B904297584C300C7B8A8 /* CategoryCollectionView */ = {
			isa = PBXGroup;
			children = (
				2130B9052975852600C7B8A8 /* CategoryCollectionViewCell.swift */,
				2130B9062975852600C7B8A8 /* CategoryCollectionViewCell.xib */,
			);
			path = CategoryCollectionView;
			sourceTree = "<group>";
		};
		2130B9092975853200C7B8A8 /* StoreCollectionView */ = {
			isa = PBXGroup;
			children = (
				2130B90B2975856400C7B8A8 /* StoreCollectionViewCell.swift */,
				2130B90C2975856400C7B8A8 /* StoreCollectionViewCell.xib */,
			);
			path = StoreCollectionView;
			sourceTree = "<group>";
		};
		2130B90F2975858300C7B8A8 /* ProductTableView */ = {
			isa = PBXGroup;
			children = (
				2130B910297585AD00C7B8A8 /* ProductTableViewCell.swift */,
				2130B911297585AD00C7B8A8 /* ProductTableViewCell.xib */,
			);
			path = ProductTableView;
			sourceTree = "<group>";
		};
		8A9B636F25D9B82234B36ED7 /* Pods */ = {
			isa = PBXGroup;
			children = (
				ED6F5A1732271E65008364FE /* Pods-4.7.HomeWork.debug.xcconfig */,
				240B69D0F10F1BE465CEF9C7 /* Pods-4.7.HomeWork.release.xcconfig */,
			);
			name = Pods;
			path = Pods;
			sourceTree = "<group>";
		};
/* End PBXGroup section */

/* Begin PBXNativeTarget section */
		2130B8E82975832C00C7B8A8 /* 4.7.HomeWork */ = {
			isa = PBXNativeTarget;
			buildConfigurationList = 2130B8FD2975832E00C7B8A8 /* Build configuration list for PBXNativeTarget "4.7.HomeWork" */;
			buildPhases = (
				B7D377031769E348B26CE333 /* [CP] Check Pods Manifest.lock */,
				2130B8E52975832C00C7B8A8 /* Sources */,
				2130B8E62975832C00C7B8A8 /* Frameworks */,
				2130B8E72975832C00C7B8A8 /* Resources */,
				C74E6245202BE2399BA72B2C /* [CP] Embed Pods Frameworks */,
			);
			buildRules = (
			);
			dependencies = (
			);
			name = 4.7.HomeWork;
			productName = 4.7.HomeWork;
			productReference = 2130B8E92975832C00C7B8A8 /* 4.7.HomeWork.app */;
			productType = "com.apple.product-type.application";
		};
/* End PBXNativeTarget section */

/* Begin PBXProject section */
		2130B8E12975832C00C7B8A8 /* Project object */ = {
			isa = PBXProject;
			attributes = {
				BuildIndependentTargetsInParallel = 1;
				LastSwiftUpdateCheck = 1420;
				LastUpgradeCheck = 1420;
				TargetAttributes = {
					2130B8E82975832C00C7B8A8 = {
						CreatedOnToolsVersion = 14.2;
					};
				};
			};
			buildConfigurationList = 2130B8E42975832C00C7B8A8 /* Build configuration list for PBXProject "4.7.HomeWork" */;
			compatibilityVersion = "Xcode 14.0";
			developmentRegion = en;
			hasScannedForEncodings = 0;
			knownRegions = (
				en,
				Base,
			);
			mainGroup = 2130B8E02975832C00C7B8A8;
			productRefGroup = 2130B8EA2975832C00C7B8A8 /* Products */;
			projectDirPath = "";
			projectRoot = "";
			targets = (
				2130B8E82975832C00C7B8A8 /* 4.7.HomeWork */,
			);
		};
/* End PBXProject section */

/* Begin PBXResourcesBuildPhase section */
		2130B8E72975832C00C7B8A8 /* Resources */ = {
			isa = PBXResourcesBuildPhase;
			buildActionMask = 2147483647;
			files = (
				2130B90E2975856400C7B8A8 /* StoreCollectionViewCell.xib in Resources */,
				2130B913297585AD00C7B8A8 /* ProductTableViewCell.xib in Resources */,
				211C2B632979CE69005D29F5 /* SearchProductTableViewCell.xib in Resources */,
				2130B9082975852600C7B8A8 /* CategoryCollectionViewCell.xib in Resources */,
				2130B8F92975832E00C7B8A8 /* LaunchScreen.storyboard in Resources */,
				2130B8F62975832E00C7B8A8 /* Assets.xcassets in Resources */,
				2130B8F42975832C00C7B8A8 /* Main.storyboard in Resources */,
			);
			runOnlyForDeploymentPostprocessing = 0;
		};
/* End PBXResourcesBuildPhase section */

/* Begin PBXShellScriptBuildPhase section */
		B7D377031769E348B26CE333 /* [CP] Check Pods Manifest.lock */ = {
			isa = PBXShellScriptBuildPhase;
			buildActionMask = 2147483647;
			files = (
			);
			inputFileListPaths = (
			);
			inputPaths = (
				"${PODS_PODFILE_DIR_PATH}/Podfile.lock",
				"${PODS_ROOT}/Manifest.lock",
			);
			name = "[CP] Check Pods Manifest.lock";
			outputFileListPaths = (
			);
			outputPaths = (
				"$(DERIVED_FILE_DIR)/Pods-4.7.HomeWork-checkManifestLockResult.txt",
			);
			runOnlyForDeploymentPostprocessing = 0;
			shellPath = /bin/sh;
			shellScript = "diff \"${PODS_PODFILE_DIR_PATH}/Podfile.lock\" \"${PODS_ROOT}/Manifest.lock\" > /dev/null\nif [ $? != 0 ] ; then\n    # print error to STDERR\n    echo \"error: The sandbox is not in sync with the Podfile.lock. Run 'pod install' or update your CocoaPods installation.\" >&2\n    exit 1\nfi\n# This output is used by Xcode 'outputs' to avoid re-running this script phase.\necho \"SUCCESS\" > \"${SCRIPT_OUTPUT_FILE_0}\"\n";
			showEnvVarsInLog = 0;
		};
		C74E6245202BE2399BA72B2C /* [CP] Embed Pods Frameworks */ = {
			isa = PBXShellScriptBuildPhase;
			buildActionMask = 2147483647;
			files = (
			);
			inputFileListPaths = (
				"${PODS_ROOT}/Target Support Files/Pods-4.7.HomeWork/Pods-4.7.HomeWork-frameworks-${CONFIGURATION}-input-files.xcfilelist",
			);
			name = "[CP] Embed Pods Frameworks";
			outputFileListPaths = (
				"${PODS_ROOT}/Target Support Files/Pods-4.7.HomeWork/Pods-4.7.HomeWork-frameworks-${CONFIGURATION}-output-files.xcfilelist",
			);
			runOnlyForDeploymentPostprocessing = 0;
			shellPath = /bin/sh;
			shellScript = "\"${PODS_ROOT}/Target Support Files/Pods-4.7.HomeWork/Pods-4.7.HomeWork-frameworks.sh\"\n";
			showEnvVarsInLog = 0;
		};
/* End PBXShellScriptBuildPhase section */

/* Begin PBXSourcesBuildPhase section */
		2130B8E52975832C00C7B8A8 /* Sources */ = {
			isa = PBXSourcesBuildPhase;
			buildActionMask = 2147483647;
			files = (
				2130B919297589E300C7B8A8 /* ProductDataModel.swift in Sources */,
				2130B9072975852600C7B8A8 /* CategoryCollectionViewCell.swift in Sources */,
				2130B8F12975832C00C7B8A8 /* MainViewController.swift in Sources */,
				211C2B6B2979DC04005D29F5 /* NetworkLayer.swift in Sources */,
				2130B90D2975856400C7B8A8 /* StoreCollectionViewCell.swift in Sources */,
				2130B8ED2975832C00C7B8A8 /* AppDelegate.swift in Sources */,
				2130B8EF2975832C00C7B8A8 /* SceneDelegate.swift in Sources */,
				2130B912297585AD00C7B8A8 /* ProductTableViewCell.swift in Sources */,
				211C2B692979D9A1005D29F5 /* CreateProductViewController.swift in Sources */,
				211C2B652979D0A3005D29F5 /* SearchViewController.swift in Sources */,
				2130B915297589B900C7B8A8 /* CategoryDataModel.swift in Sources */,
				2130B917297589CF00C7B8A8 /* StoreDataModel.swift in Sources */,
				211C2B622979CE69005D29F5 /* SearchProductTableViewCell.swift in Sources */,
			);
			runOnlyForDeploymentPostprocessing = 0;
		};
/* End PBXSourcesBuildPhase section */

/* Begin PBXVariantGroup section */
		2130B8F22975832C00C7B8A8 /* Main.storyboard */ = {
			isa = PBXVariantGroup;
			children = (
				2130B8F32975832C00C7B8A8 /* Base */,
			);
			name = Main.storyboard;
			sourceTree = "<group>";
		};
		2130B8F72975832E00C7B8A8 /* LaunchScreen.storyboard */ = {
			isa = PBXVariantGroup;
			children = (
				2130B8F82975832E00C7B8A8 /* Base */,
			);
			name = LaunchScreen.storyboard;
			sourceTree = "<group>";
		};
/* End PBXVariantGroup section */

/* Begin XCBuildConfiguration section */
		2130B8FB2975832E00C7B8A8 /* Debug */ = {
			isa = XCBuildConfiguration;
			buildSettings = {
				ALWAYS_SEARCH_USER_PATHS = NO;
				CLANG_ANALYZER_NONNULL = YES;
				CLANG_ANALYZER_NUMBER_OBJECT_CONVERSION = YES_AGGRESSIVE;
				CLANG_CXX_LANGUAGE_STANDARD = "gnu++20";
				CLANG_ENABLE_MODULES = YES;
				CLANG_ENABLE_OBJC_ARC = YES;
				CLANG_ENABLE_OBJC_WEAK = YES;
				CLANG_WARN_BLOCK_CAPTURE_AUTORELEASING = YES;
				CLANG_WARN_BOOL_CONVERSION = YES;
				CLANG_WARN_COMMA = YES;
				CLANG_WARN_CONSTANT_CONVERSION = YES;
				CLANG_WARN_DEPRECATED_OBJC_IMPLEMENTATIONS = YES;
				CLANG_WARN_DIRECT_OBJC_ISA_USAGE = YES_ERROR;
				CLANG_WARN_DOCUMENTATION_COMMENTS = YES;
				CLANG_WARN_EMPTY_BODY = YES;
				CLANG_WARN_ENUM_CONVERSION = YES;
				CLANG_WARN_INFINITE_RECURSION = YES;
				CLANG_WARN_INT_CONVERSION = YES;
				CLANG_WARN_NON_LITERAL_NULL_CONVERSION = YES;
				CLANG_WARN_OBJC_IMPLICIT_RETAIN_SELF = YES;
				CLANG_WARN_OBJC_LITERAL_CONVERSION = YES;
				CLANG_WARN_OBJC_ROOT_CLASS = YES_ERROR;
				CLANG_WARN_QUOTED_INCLUDE_IN_FRAMEWORK_HEADER = YES;
				CLANG_WARN_RANGE_LOOP_ANALYSIS = YES;
				CLANG_WARN_STRICT_PROTOTYPES = YES;
				CLANG_WARN_SUSPICIOUS_MOVE = YES;
				CLANG_WARN_UNGUARDED_AVAILABILITY = YES_AGGRESSIVE;
				CLANG_WARN_UNREACHABLE_CODE = YES;
				CLANG_WARN__DUPLICATE_METHOD_MATCH = YES;
				COPY_PHASE_STRIP = NO;
				DEBUG_INFORMATION_FORMAT = dwarf;
				ENABLE_STRICT_OBJC_MSGSEND = YES;
				ENABLE_TESTABILITY = YES;
				GCC_C_LANGUAGE_STANDARD = gnu11;
				GCC_DYNAMIC_NO_PIC = NO;
				GCC_NO_COMMON_BLOCKS = YES;
				GCC_OPTIMIZATION_LEVEL = 0;
				GCC_PREPROCESSOR_DEFINITIONS = (
					"DEBUG=1",
					"$(inherited)",
				);
				GCC_WARN_64_TO_32_BIT_CONVERSION = YES;
				GCC_WARN_ABOUT_RETURN_TYPE = YES_ERROR;
				GCC_WARN_UNDECLARED_SELECTOR = YES;
				GCC_WARN_UNINITIALIZED_AUTOS = YES_AGGRESSIVE;
				GCC_WARN_UNUSED_FUNCTION = YES;
				GCC_WARN_UNUSED_VARIABLE = YES;
				IPHONEOS_DEPLOYMENT_TARGET = 16.2;
				MTL_ENABLE_DEBUG_INFO = INCLUDE_SOURCE;
				MTL_FAST_MATH = YES;
				ONLY_ACTIVE_ARCH = YES;
				SDKROOT = iphoneos;
				SWIFT_ACTIVE_COMPILATION_CONDITIONS = DEBUG;
				SWIFT_OPTIMIZATION_LEVEL = "-Onone";
			};
			name = Debug;
		};
		2130B8FC2975832E00C7B8A8 /* Release */ = {
			isa = XCBuildConfiguration;
			buildSettings = {
				ALWAYS_SEARCH_USER_PATHS = NO;
				CLANG_ANALYZER_NONNULL = YES;
				CLANG_ANALYZER_NUMBER_OBJECT_CONVERSION = YES_AGGRESSIVE;
				CLANG_CXX_LANGUAGE_STANDARD = "gnu++20";
				CLANG_ENABLE_MODULES = YES;
				CLANG_ENABLE_OBJC_ARC = YES;
				CLANG_ENABLE_OBJC_WEAK = YES;
				CLANG_WARN_BLOCK_CAPTURE_AUTORELEASING = YES;
				CLANG_WARN_BOOL_CONVERSION = YES;
				CLANG_WARN_COMMA = YES;
				CLANG_WARN_CONSTANT_CONVERSION = YES;
				CLANG_WARN_DEPRECATED_OBJC_IMPLEMENTATIONS = YES;
				CLANG_WARN_DIRECT_OBJC_ISA_USAGE = YES_ERROR;
				CLANG_WARN_DOCUMENTATION_COMMENTS = YES;
				CLANG_WARN_EMPTY_BODY = YES;
				CLANG_WARN_ENUM_CONVERSION = YES;
				CLANG_WARN_INFINITE_RECURSION = YES;
				CLANG_WARN_INT_CONVERSION = YES;
				CLANG_WARN_NON_LITERAL_NULL_CONVERSION = YES;
				CLANG_WARN_OBJC_IMPLICIT_RETAIN_SELF = YES;
				CLANG_WARN_OBJC_LITERAL_CONVERSION = YES;
				CLANG_WARN_OBJC_ROOT_CLASS = YES_ERROR;
				CLANG_WARN_QUOTED_INCLUDE_IN_FRAMEWORK_HEADER = YES;
				CLANG_WARN_RANGE_LOOP_ANALYSIS = YES;
				CLANG_WARN_STRICT_PROTOTYPES = YES;
				CLANG_WARN_SUSPICIOUS_MOVE = YES;
				CLANG_WARN_UNGUARDED_AVAILABILITY = YES_AGGRESSIVE;
				CLANG_WARN_UNREACHABLE_CODE = YES;
				CLANG_WARN__DUPLICATE_METHOD_MATCH = YES;
				COPY_PHASE_STRIP = NO;
				DEBUG_INFORMATION_FORMAT = "dwarf-with-dsym";
				ENABLE_NS_ASSERTIONS = NO;
				ENABLE_STRICT_OBJC_MSGSEND = YES;
				GCC_C_LANGUAGE_STANDARD = gnu11;
				GCC_NO_COMMON_BLOCKS = YES;
				GCC_WARN_64_TO_32_BIT_CONVERSION = YES;
				GCC_WARN_ABOUT_RETURN_TYPE = YES_ERROR;
				GCC_WARN_UNDECLARED_SELECTOR = YES;
				GCC_WARN_UNINITIALIZED_AUTOS = YES_AGGRESSIVE;
				GCC_WARN_UNUSED_FUNCTION = YES;
				GCC_WARN_UNUSED_VARIABLE = YES;
				IPHONEOS_DEPLOYMENT_TARGET = 16.2;
				MTL_ENABLE_DEBUG_INFO = NO;
				MTL_FAST_MATH = YES;
				SDKROOT = iphoneos;
				SWIFT_COMPILATION_MODE = wholemodule;
				SWIFT_OPTIMIZATION_LEVEL = "-O";
				VALIDATE_PRODUCT = YES;
			};
			name = Release;
		};
		2130B8FE2975832E00C7B8A8 /* Debug */ = {
			isa = XCBuildConfiguration;
			baseConfigurationReference = ED6F5A1732271E65008364FE /* Pods-4.7.HomeWork.debug.xcconfig */;
			buildSettings = {
				ASSETCATALOG_COMPILER_APPICON_NAME = AppIcon;
				ASSETCATALOG_COMPILER_GLOBAL_ACCENT_COLOR_NAME = AccentColor;
				CODE_SIGN_STYLE = Automatic;
				CURRENT_PROJECT_VERSION = 1;
				GENERATE_INFOPLIST_FILE = YES;
				INFOPLIST_FILE = 4.7.HomeWork/Resources/Info.plist;
				INFOPLIST_KEY_UIApplicationSupportsIndirectInputEvents = YES;
				INFOPLIST_KEY_UILaunchStoryboardName = LaunchScreen;
				INFOPLIST_KEY_UIMainStoryboardFile = Main;
				INFOPLIST_KEY_UISupportedInterfaceOrientations_iPad = "UIInterfaceOrientationPortrait UIInterfaceOrientationPortraitUpsideDown UIInterfaceOrientationLandscapeLeft UIInterfaceOrientationLandscapeRight";
				INFOPLIST_KEY_UISupportedInterfaceOrientations_iPhone = "UIInterfaceOrientationPortrait UIInterfaceOrientationLandscapeLeft UIInterfaceOrientationLandscapeRight";
				LD_RUNPATH_SEARCH_PATHS = (
					"$(inherited)",
					"@executable_path/Frameworks",
				);
				MARKETING_VERSION = 1.0;
				PRODUCT_BUNDLE_IDENTIFIER = "-Month.--7-HomeWork";
				PRODUCT_NAME = "$(TARGET_NAME)";
				SWIFT_EMIT_LOC_STRINGS = YES;
				SWIFT_VERSION = 5.0;
				TARGETED_DEVICE_FAMILY = "1,2";
			};
			name = Debug;
		};
		2130B8FF2975832E00C7B8A8 /* Release */ = {
			isa = XCBuildConfiguration;
			baseConfigurationReference = 240B69D0F10F1BE465CEF9C7 /* Pods-4.7.HomeWork.release.xcconfig */;
			buildSettings = {
				ASSETCATALOG_COMPILER_APPICON_NAME = AppIcon;
				ASSETCATALOG_COMPILER_GLOBAL_ACCENT_COLOR_NAME = AccentColor;
				CODE_SIGN_STYLE = Automatic;
				CURRENT_PROJECT_VERSION = 1;
				GENERATE_INFOPLIST_FILE = YES;
				INFOPLIST_FILE = 4.7.HomeWork/Resources/Info.plist;
				INFOPLIST_KEY_UIApplicationSupportsIndirectInputEvents = YES;
				INFOPLIST_KEY_UILaunchStoryboardName = LaunchScreen;
				INFOPLIST_KEY_UIMainStoryboardFile = Main;
				INFOPLIST_KEY_UISupportedInterfaceOrientations_iPad = "UIInterfaceOrientationPortrait UIInterfaceOrientationPortraitUpsideDown UIInterfaceOrientationLandscapeLeft UIInterfaceOrientationLandscapeRight";
				INFOPLIST_KEY_UISupportedInterfaceOrientations_iPhone = "UIInterfaceOrientationPortrait UIInterfaceOrientationLandscapeLeft UIInterfaceOrientationLandscapeRight";
				LD_RUNPATH_SEARCH_PATHS = (
					"$(inherited)",
					"@executable_path/Frameworks",
				);
				MARKETING_VERSION = 1.0;
				PRODUCT_BUNDLE_IDENTIFIER = "-Month.--7-HomeWork";
				PRODUCT_NAME = "$(TARGET_NAME)";
				SWIFT_EMIT_LOC_STRINGS = YES;
				SWIFT_VERSION = 5.0;
				TARGETED_DEVICE_FAMILY = "1,2";
			};
			name = Release;
		};
/* End XCBuildConfiguration section */

/* Begin XCConfigurationList section */
		2130B8E42975832C00C7B8A8 /* Build configuration list for PBXProject "4.7.HomeWork" */ = {
			isa = XCConfigurationList;
			buildConfigurations = (
				2130B8FB2975832E00C7B8A8 /* Debug */,
				2130B8FC2975832E00C7B8A8 /* Release */,
			);
			defaultConfigurationIsVisible = 0;
			defaultConfigurationName = Release;
		};
		2130B8FD2975832E00C7B8A8 /* Build configuration list for PBXNativeTarget "4.7.HomeWork" */ = {
			isa = XCConfigurationList;
			buildConfigurations = (
				2130B8FE2975832E00C7B8A8 /* Debug */,
				2130B8FF2975832E00C7B8A8 /* Release */,
			);
			defaultConfigurationIsVisible = 0;
			defaultConfigurationName = Release;
		};
/* End XCConfigurationList section */
	};
	rootObject = 2130B8E12975832C00C7B8A8 /* Project object */;
}
